// !$*UTF8*$!
{
	archiveVersion = 1;
	classes = {
	};
	objectVersion = 56;
	objects = {

/* Begin PBXBuildFile section */
		A1F170000000000000000040 /* FittyApp.swift in Sources */ = {isa = PBXBuildFile; fileRef = A1F170000000000000000023 /* FittyApp.swift */; };
		A1F170000000000000000041 /* ContentView.swift in Sources */ = {isa = PBXBuildFile; fileRef = A1F170000000000000000024 /* ContentView.swift */; };
		A1F170000000000000000042 /* ARViewController.swift in Sources */ = {isa = PBXBuildFile; fileRef = A1F170000000000000000025 /* ARViewController.swift */; };
		A1F170000000000000000043 /* ClothSimulationComponent.swift in Sources */ = {isa = PBXBuildFile; fileRef = A1F170000000000000000026 /* ClothSimulationComponent.swift */; };
		A1F170000000000000000044 /* BodyCapsuleRig.swift in Sources */ = {isa = PBXBuildFile; fileRef = A1F170000000000000000027 /* BodyCapsuleRig.swift */; };
		A1F170000000000000000045 /* ClothMeshEntity.swift in Sources */ = {isa = PBXBuildFile; fileRef = A1F170000000000000000028 /* ClothMeshEntity.swift */; };
		A1F170000000000000000046 /* SimulationStatus.swift in Sources */ = {isa = PBXBuildFile; fileRef = A1F170000000000000000029 /* SimulationStatus.swift */; };
		A1F170000000000000000047 /* ClothSolver.cpp in Sources */ = {isa = PBXBuildFile; fileRef = A1F17000000000000000002B /* ClothSolver.cpp */; };
		A1F170000000000000000048 /* ClothSolverBridge.mm in Sources */ = {isa = PBXBuildFile; fileRef = A1F17000000000000000002D /* ClothSolverBridge.mm */; };
		A1F170000000000000000049 /* Assets.xcassets in Resources */ = {isa = PBXBuildFile; fileRef = A1F170000000000000000020 /* Assets.xcassets */; };
		A1F170000000000000000051 /* ARKit.framework in Frameworks */ = {isa = PBXBuildFile; fileRef = A1F170000000000000000050 /* ARKit.framework */; };
		A1F170000000000000000053 /* RealityKit.framework in Frameworks */ = {isa = PBXBuildFile; fileRef = A1F170000000000000000052 /* RealityKit.framework */; };
		A1F170000000000000000055 /* SwiftUI.framework in Frameworks */ = {isa = PBXBuildFile; fileRef = A1F170000000000000000054 /* SwiftUI.framework */; };
		A1F170000000000000000070 /* FittyTheme.swift in Sources */ = {isa = PBXBuildFile; fileRef = A1F170000000000000000060 /* FittyTheme.swift */; };
		A1F170000000000000000071 /* HomeView.swift in Sources */ = {isa = PBXBuildFile; fileRef = A1F170000000000000000061 /* HomeView.swift */; };
		A1F170000000000000000072 /* ScanView.swift in Sources */ = {isa = PBXBuildFile; fileRef = A1F170000000000000000062 /* ScanView.swift */; };
		A1F170000000000000000073 /* GarmentStore.swift in Sources */ = {isa = PBXBuildFile; fileRef = A1F170000000000000000063 /* GarmentStore.swift */; };
		A1F170000000000000000074 /* GarmentIsolator.swift in Sources */ = {isa = PBXBuildFile; fileRef = A1F170000000000000000064 /* GarmentIsolator.swift */; };
		A1F170000000000000000075 /* PhotoPicker.swift in Sources */ = {isa = PBXBuildFile; fileRef = A1F170000000000000000065 /* PhotoPicker.swift */; };
		A1F170000000000000000076 /* CameraCapture.swift in Sources */ = {isa = PBXBuildFile; fileRef = A1F170000000000000000066 /* CameraCapture.swift */; };
		A1F170000000000000000081 /* Vision.framework in Frameworks */ = {isa = PBXBuildFile; fileRef = A1F170000000000000000080 /* Vision.framework */; };
		A1F170000000000000000083 /* PhotosUI.framework in Frameworks */ = {isa = PBXBuildFile; fileRef = A1F170000000000000000082 /* PhotosUI.framework */; };
		A1F170000000000000000085 /* AVFoundation.framework in Frameworks */ = {isa = PBXBuildFile; fileRef = A1F170000000000000000084 /* AVFoundation.framework */; };
		A1F1700000000000000000A0 /* AppSettings.swift in Sources */ = {isa = PBXBuildFile; fileRef = A1F170000000000000000090 /* AppSettings.swift */; };
		A1F1700000000000000000A1 /* L10n.swift in Sources */ = {isa = PBXBuildFile; fileRef = A1F170000000000000000091 /* L10n.swift */; };
		A1F1700000000000000000A2 /* WardrobeView.swift in Sources */ = {isa = PBXBuildFile; fileRef = A1F170000000000000000092 /* WardrobeView.swift */; };
		A1F1700000000000000000A3 /* SettingsView.swift in Sources */ = {isa = PBXBuildFile; fileRef = A1F170000000000000000093 /* SettingsView.swift */; };
		A1F1700000000000000000A4 /* OnboardingView.swift in Sources */ = {isa = PBXBuildFile; fileRef = A1F170000000000000000094 /* OnboardingView.swift */; };
		A1F1700000000000000000A5 /* ToastCenter.swift in Sources */ = {isa = PBXBuildFile; fileRef = A1F170000000000000000095 /* ToastCenter.swift */; };
		A1F1700000000000000000A6 /* Haptics.swift in Sources */ = {isa = PBXBuildFile; fileRef = A1F170000000000000000096 /* Haptics.swift */; };
		A1F1700000000000000000A7 /* ImageIOSupport.swift in Sources */ = {isa = PBXBuildFile; fileRef = A1F170000000000000000097 /* ImageIOSupport.swift */; };
		A1F1700000000000000000A8 /* ClipRecorder.swift in Sources */ = {isa = PBXBuildFile; fileRef = A1F170000000000000000098 /* ClipRecorder.swift */; };
		A1F1700000000000000000C1 /* ReplayKit.framework in Frameworks */ = {isa = PBXBuildFile; fileRef = A1F1700000000000000000C0 /* ReplayKit.framework */; };
		A1F1700000000000000000C5 /* Localizable.strings in Resources */ = {isa = PBXBuildFile; fileRef = A1F1700000000000000000C4 /* Localizable.strings */; };
		D0F1A1000000000000000002 /* DeviceProfile.swift in Sources */ = {isa = PBXBuildFile; fileRef = D0F1A1000000000000000001 /* DeviceProfile.swift */; };
		A1F1700000000000000000E0 /* AuthView.swift in Sources */ = {isa = PBXBuildFile; fileRef = A1F1700000000000000000D0 /* AuthView.swift */; };
		A1F1700000000000000000E1 /* AuthStore.swift in Sources */ = {isa = PBXBuildFile; fileRef = A1F1700000000000000000D1 /* AuthStore.swift */; };
		A1F1700000000000000000E2 /* KeychainBox.swift in Sources */ = {isa = PBXBuildFile; fileRef = A1F1700000000000000000D2 /* KeychainBox.swift */; };
/* End PBXBuildFile section */

/* Begin PBXFileReference section */
		A1F170000000000000000003 /* Fitty.app */ = {isa = PBXFileReference; explicitFileType = wrapper.application; includeInIndex = 0; path = Fitty.app; sourceTree = BUILT_PRODUCTS_DIR; };
		A1F170000000000000000020 /* Assets.xcassets */ = {isa = PBXFileReference; lastKnownFileType = folder.assetcatalog; path = Assets.xcassets; sourceTree = "<group>"; };
		A1F170000000000000000021 /* Info.plist */ = {isa = PBXFileReference; lastKnownFileType = text.plist.xml; path = Info.plist; sourceTree = "<group>"; };
		A1F170000000000000000022 /* Fitty-Bridging-Header.h */ = {isa = PBXFileReference; lastKnownFileType = sourcecode.c.h; path = "Fitty-Bridging-Header.h"; sourceTree = "<group>"; };
		A1F170000000000000000023 /* FittyApp.swift */ = {isa = PBXFileReference; lastKnownFileType = sourcecode.swift; path = FittyApp.swift; sourceTree = "<group>"; };
		A1F170000000000000000024 /* ContentView.swift */ = {isa = PBXFileReference; lastKnownFileType = sourcecode.swift; path = ContentView.swift; sourceTree = "<group>"; };
		A1F170000000000000000025 /* ARViewController.swift */ = {isa = PBXFileReference; lastKnownFileType = sourcecode.swift; path = ARViewController.swift; sourceTree = "<group>"; };
		A1F170000000000000000026 /* ClothSimulationComponent.swift */ = {isa = PBXFileReference; lastKnownFileType = sourcecode.swift; path = ClothSimulationComponent.swift; sourceTree = "<group>"; };
		A1F170000000000000000027 /* BodyCapsuleRig.swift */ = {isa = PBXFileReference; lastKnownFileType = sourcecode.swift; path = BodyCapsuleRig.swift; sourceTree = "<group>"; };
		A1F170000000000000000028 /* ClothMeshEntity.swift */ = {isa = PBXFileReference; lastKnownFileType = sourcecode.swift; path = ClothMeshEntity.swift; sourceTree = "<group>"; };
		A1F170000000000000000029 /* SimulationStatus.swift */ = {isa = PBXFileReference; lastKnownFileType = sourcecode.swift; path = SimulationStatus.swift; sourceTree = "<group>"; };
		A1F17000000000000000002A /* ClothSolver.hpp */ = {isa = PBXFileReference; lastKnownFileType = sourcecode.cpp.h; path = ClothSolver.hpp; sourceTree = "<group>"; };
		A1F17000000000000000002B /* ClothSolver.cpp */ = {isa = PBXFileReference; lastKnownFileType = sourcecode.cpp.cpp; path = ClothSolver.cpp; sourceTree = "<group>"; };
		A1F17000000000000000002C /* ClothSolverBridge.h */ = {isa = PBXFileReference; lastKnownFileType = sourcecode.c.h; path = ClothSolverBridge.h; sourceTree = "<group>"; };
		A1F17000000000000000002D /* ClothSolverBridge.mm */ = {isa = PBXFileReference; lastKnownFileType = sourcecode.cpp.objcpp; path = ClothSolverBridge.mm; sourceTree = "<group>"; };
		A1F170000000000000000050 /* ARKit.framework */ = {isa = PBXFileReference; lastKnownFileType = wrapper.framework; name = ARKit.framework; path = System/Library/Frameworks/ARKit.framework; sourceTree = SDKROOT; };
		A1F170000000000000000052 /* RealityKit.framework */ = {isa = PBXFileReference; lastKnownFileType = wrapper.framework; name = RealityKit.framework; path = System/Library/Frameworks/RealityKit.framework; sourceTree = SDKROOT; };
		A1F170000000000000000054 /* SwiftUI.framework */ = {isa = PBXFileReference; lastKnownFileType = wrapper.framework; name = SwiftUI.framework; path = System/Library/Frameworks/SwiftUI.framework; sourceTree = SDKROOT; };
		A1F170000000000000000060 /* FittyTheme.swift */ = {isa = PBXFileReference; lastKnownFileType = sourcecode.swift; path = FittyTheme.swift; sourceTree = "<group>"; };
		A1F170000000000000000061 /* HomeView.swift */ = {isa = PBXFileReference; lastKnownFileType = sourcecode.swift; path = HomeView.swift; sourceTree = "<group>"; };
		A1F170000000000000000062 /* ScanView.swift */ = {isa = PBXFileReference; lastKnownFileType = sourcecode.swift; path = ScanView.swift; sourceTree = "<group>"; };
		A1F170000000000000000063 /* GarmentStore.swift */ = {isa = PBXFileReference; lastKnownFileType = sourcecode.swift; path = GarmentStore.swift; sourceTree = "<group>"; };
		A1F170000000000000000064 /* GarmentIsolator.swift */ = {isa = PBXFileReference; lastKnownFileType = sourcecode.swift; path = GarmentIsolator.swift; sourceTree = "<group>"; };
		A1F170000000000000000065 /* PhotoPicker.swift */ = {isa = PBXFileReference; lastKnownFileType = sourcecode.swift; path = PhotoPicker.swift; sourceTree = "<group>"; };
		A1F170000000000000000066 /* CameraCapture.swift */ = {isa = PBXFileReference; lastKnownFileType = sourcecode.swift; path = CameraCapture.swift; sourceTree = "<group>"; };
		A1F170000000000000000080 /* Vision.framework */ = {isa = PBXFileReference; lastKnownFileType = wrapper.framework; name = Vision.framework; path = System/Library/Frameworks/Vision.framework; sourceTree = SDKROOT; };
		A1F170000000000000000082 /* PhotosUI.framework */ = {isa = PBXFileReference; lastKnownFileType = wrapper.framework; name = PhotosUI.framework; path = System/Library/Frameworks/PhotosUI.framework; sourceTree = SDKROOT; };
		A1F170000000000000000084 /* AVFoundation.framework */ = {isa = PBXFileReference; lastKnownFileType = wrapper.framework; name = AVFoundation.framework; path = System/Library/Frameworks/AVFoundation.framework; sourceTree = SDKROOT; };
		A1F170000000000000000090 /* AppSettings.swift */ = {isa = PBXFileReference; lastKnownFileType = sourcecode.swift; path = AppSettings.swift; sourceTree = "<group>"; };
		A1F170000000000000000091 /* L10n.swift */ = {isa = PBXFileReference; lastKnownFileType = sourcecode.swift; path = L10n.swift; sourceTree = "<group>"; };
		A1F170000000000000000092 /* WardrobeView.swift */ = {isa = PBXFileReference; lastKnownFileType = sourcecode.swift; path = WardrobeView.swift; sourceTree = "<group>"; };
		A1F170000000000000000093 /* SettingsView.swift */ = {isa = PBXFileReference; lastKnownFileType = sourcecode.swift; path = SettingsView.swift; sourceTree = "<group>"; };
		A1F170000000000000000094 /* OnboardingView.swift */ = {isa = PBXFileReference; lastKnownFileType = sourcecode.swift; path = OnboardingView.swift; sourceTree = "<group>"; };
		A1F170000000000000000095 /* ToastCenter.swift */ = {isa = PBXFileReference; lastKnownFileType = sourcecode.swift; path = ToastCenter.swift; sourceTree = "<group>"; };
		A1F170000000000000000096 /* Haptics.swift */ = {isa = PBXFileReference; lastKnownFileType = sourcecode.swift; path = Haptics.swift; sourceTree = "<group>"; };
		A1F170000000000000000097 /* ImageIOSupport.swift */ = {isa = PBXFileReference; lastKnownFileType = sourcecode.swift; path = ImageIOSupport.swift; sourceTree = "<group>"; };
		A1F170000000000000000098 /* ClipRecorder.swift */ = {isa = PBXFileReference; lastKnownFileType = sourcecode.swift; path = ClipRecorder.swift; sourceTree = "<group>"; };
		A1F1700000000000000000C0 /* ReplayKit.framework */ = {isa = PBXFileReference; lastKnownFileType = wrapper.framework; name = ReplayKit.framework; path = System/Library/Frameworks/ReplayKit.framework; sourceTree = SDKROOT; };
		A1F1700000000000000000C2 /* en */ = {isa = PBXFileReference; lastKnownFileType = text.plist.strings; name = en; path = en.lproj/Localizable.strings; sourceTree = "<group>"; };
		A1F1700000000000000000C3 /* ko */ = {isa = PBXFileReference; lastKnownFileType = text.plist.strings; name = ko; path = ko.lproj/Localizable.strings; sourceTree = "<group>"; };
		D0F1A1000000000000000001 /* DeviceProfile.swift */ = {isa = PBXFileReference; lastKnownFileType = sourcecode.swift; path = DeviceProfile.swift; sourceTree = "<group>"; };
		A1F1700000000000000000D0 /* AuthView.swift */ = {isa = PBXFileReference; lastKnownFileType = sourcecode.swift; path = AuthView.swift; sourceTree = "<group>"; };
		A1F1700000000000000000D1 /* AuthStore.swift */ = {isa = PBXFileReference; lastKnownFileType = sourcecode.swift; path = AuthStore.swift; sourceTree = "<group>"; };
		A1F1700000000000000000D2 /* KeychainBox.swift */ = {isa = PBXFileReference; lastKnownFileType = sourcecode.swift; path = KeychainBox.swift; sourceTree = "<group>"; };
/* End PBXFileReference section */

/* Begin PBXFrameworksBuildPhase section */
		A1F170000000000000000006 /* Frameworks */ = {
			isa = PBXFrameworksBuildPhase;
			buildActionMask = 2147483647;
			files = (
				A1F170000000000000000051 /* ARKit.framework in Frameworks */,
				A1F170000000000000000053 /* RealityKit.framework in Frameworks */,
				A1F170000000000000000055 /* SwiftUI.framework in Frameworks */,
				A1F170000000000000000081 /* Vision.framework in Frameworks */,
				A1F170000000000000000083 /* PhotosUI.framework in Frameworks */,
				A1F170000000000000000085 /* AVFoundation.framework in Frameworks */,
				A1F1700000000000000000C1 /* ReplayKit.framework in Frameworks */,
			);
			runOnlyForDeploymentPostprocessing = 0;
		};
/* End PBXFrameworksBuildPhase section */

/* Begin PBXGroup section */
		A1F170000000000000000007 = {
			isa = PBXGroup;
			children = (
				A1F170000000000000000009 /* Fitty */,
				A1F170000000000000000011 /* Frameworks */,
				A1F170000000000000000008 /* Products */,
			);
			sourceTree = "<group>";
		};
		A1F170000000000000000008 /* Products */ = {
			isa = PBXGroup;
			children = (
				A1F170000000000000000003 /* Fitty.app */,
			);
			name = Products;
			sourceTree = "<group>";
		};
		A1F170000000000000000009 /* Fitty */ = {
			isa = PBXGroup;
			children = (
				A1F170000000000000000023 /* FittyApp.swift */,
				A1F1700000000000000000D0 /* AuthView.swift */,
				A1F1700000000000000000D1 /* AuthStore.swift */,
				A1F1700000000000000000D2 /* KeychainBox.swift */,
				A1F170000000000000000060 /* FittyTheme.swift */,
				A1F170000000000000000061 /* HomeView.swift */,
				A1F170000000000000000062 /* ScanView.swift */,
				A1F170000000000000000024 /* ContentView.swift */,
				A1F170000000000000000025 /* ARViewController.swift */,
				A1F170000000000000000026 /* ClothSimulationComponent.swift */,
				A1F170000000000000000027 /* BodyCapsuleRig.swift */,
				A1F170000000000000000028 /* ClothMeshEntity.swift */,
				A1F170000000000000000029 /* SimulationStatus.swift */,
				A1F170000000000000000063 /* GarmentStore.swift */,
				A1F170000000000000000064 /* GarmentIsolator.swift */,
				A1F170000000000000000065 /* PhotoPicker.swift */,
				A1F170000000000000000066 /* CameraCapture.swift */,
				A1F170000000000000000090 /* AppSettings.swift */,
				A1F170000000000000000091 /* L10n.swift */,
				A1F170000000000000000092 /* WardrobeView.swift */,
				A1F170000000000000000093 /* SettingsView.swift */,
				A1F170000000000000000094 /* OnboardingView.swift */,
				A1F170000000000000000095 /* ToastCenter.swift */,
				A1F170000000000000000096 /* Haptics.swift */,
				A1F170000000000000000097 /* ImageIOSupport.swift */,
				A1F170000000000000000098 /* ClipRecorder.swift */,
				D0F1A1000000000000000001 /* DeviceProfile.swift */,
				A1F1700000000000000000C4 /* Localizable.strings */,
				A1F17000000000000000000A /* Physics */,
				A1F170000000000000000020 /* Assets.xcassets */,
				A1F170000000000000000021 /* Info.plist */,
				A1F170000000000000000022 /* Fitty-Bridging-Header.h */,
			);
			path = Fitty;
			sourceTree = "<group>";
		};
		A1F17000000000000000000A /* Physics */ = {
			isa = PBXGroup;
			children = (
				A1F17000000000000000002A /* ClothSolver.hpp */,
				A1F17000000000000000002B /* ClothSolver.cpp */,
				A1F17000000000000000002C /* ClothSolverBridge.h */,
				A1F17000000000000000002D /* ClothSolverBridge.mm */,
			);
			path = Physics;
			sourceTree = "<group>";
		};
		A1F170000000000000000011 /* Frameworks */ = {
			isa = PBXGroup;
			children = (
				A1F170000000000000000050 /* ARKit.framework */,
				A1F170000000000000000052 /* RealityKit.framework */,
				A1F170000000000000000054 /* SwiftUI.framework */,
				A1F170000000000000000080 /* Vision.framework */,
				A1F170000000000000000082 /* PhotosUI.framework */,
				A1F170000000000000000084 /* AVFoundation.framework */,
				A1F1700000000000000000C0 /* ReplayKit.framework */,
			);
			name = Frameworks;
			sourceTree = "<group>";
		};
/* End PBXGroup section */


/* Begin PBXVariantGroup section */
		A1F1700000000000000000C4 /* Localizable.strings */ = {
			isa = PBXVariantGroup;
			children = (
				A1F1700000000000000000C2 /* en */,
				A1F1700000000000000000C3 /* ko */,
			);
			name = Localizable.strings;
			sourceTree = "<group>";
		};
/* End PBXVariantGroup section */

/* Begin PBXNativeTarget section */
		A1F170000000000000000002 /* Fitty */ = {
			isa = PBXNativeTarget;
			buildConfigurationList = A1F17000000000000000000F /* Build configuration list for PBXNativeTarget "Fitty" */;
			buildPhases = (
				A1F170000000000000000004 /* Sources */,
				A1F170000000000000000006 /* Frameworks */,
				A1F170000000000000000005 /* Resources */,
			);
			buildRules = (
			);
			dependencies = (
			);
			name = Fitty;
			productName = Fitty;
			productReference = A1F170000000000000000003 /* Fitty.app */;
			productType = "com.apple.product-type.application";
		};
/* End PBXNativeTarget section */

/* Begin PBXProject section */
		A1F170000000000000000001 /* Project object */ = {
			isa = PBXProject;
			attributes = {
				BuildIndependentTargetsInParallel = 1;
				LastSwiftUpdateCheck = 1600;
				LastUpgradeCheck = 1600;
				TargetAttributes = {
					A1F170000000000000000002 = {
						CreatedOnToolsVersion = 16.0;
						LastSwiftMigration = 1600;
					};
				};
			};
			buildConfigurationList = A1F170000000000000000010 /* Build configuration list for PBXProject "Fitty" */;
			compatibilityVersion = "Xcode 14.0";
			developmentRegion = en;
			hasScannedForEncodings = 0;
			knownRegions = (
				en,
				Base,
				ko,
			);
			mainGroup = A1F170000000000000000007;
			productRefGroup = A1F170000000000000000008 /* Products */;
			projectDirPath = "";
			projectRoot = "";
			targets = (
				A1F170000000000000000002 /* Fitty */,
			);
		};
/* End PBXProject section */

/* Begin PBXResourcesBuildPhase section */
		A1F170000000000000000005 /* Resources */ = {
			isa = PBXResourcesBuildPhase;
			buildActionMask = 2147483647;
			files = (
				A1F170000000000000000049 /* Assets.xcassets in Resources */,
				A1F1700000000000000000C5 /* Localizable.strings in Resources */,
			);
			runOnlyForDeploymentPostprocessing = 0;
		};
/* End PBXResourcesBuildPhase section */

/* Begin PBXSourcesBuildPhase section */
		A1F170000000000000000004 /* Sources */ = {
			isa = PBXSourcesBuildPhase;
			buildActionMask = 2147483647;
			files = (
				A1F170000000000000000040 /* FittyApp.swift in Sources */,
				A1F170000000000000000041 /* ContentView.swift in Sources */,
				A1F170000000000000000042 /* ARViewController.swift in Sources */,
				A1F170000000000000000043 /* ClothSimulationComponent.swift in Sources */,
				A1F170000000000000000044 /* BodyCapsuleRig.swift in Sources */,
				A1F170000000000000000045 /* ClothMeshEntity.swift in Sources */,
				A1F170000000000000000046 /* SimulationStatus.swift in Sources */,
				A1F170000000000000000047 /* ClothSolver.cpp in Sources */,
				A1F170000000000000000048 /* ClothSolverBridge.mm in Sources */,
				A1F170000000000000000070 /* FittyTheme.swift in Sources */,
				A1F170000000000000000071 /* HomeView.swift in Sources */,
				A1F170000000000000000072 /* ScanView.swift in Sources */,
				A1F170000000000000000073 /* GarmentStore.swift in Sources */,
				A1F170000000000000000074 /* GarmentIsolator.swift in Sources */,
				A1F170000000000000000075 /* PhotoPicker.swift in Sources */,
				A1F170000000000000000076 /* CameraCapture.swift in Sources */,
				A1F1700000000000000000A0 /* AppSettings.swift in Sources */,
				A1F1700000000000000000A1 /* L10n.swift in Sources */,
				A1F1700000000000000000A2 /* WardrobeView.swift in Sources */,
				A1F1700000000000000000A3 /* SettingsView.swift in Sources */,
				A1F1700000000000000000A4 /* OnboardingView.swift in Sources */,
				A1F1700000000000000000A5 /* ToastCenter.swift in Sources */,
				A1F1700000000000000000A6 /* Haptics.swift in Sources */,
				A1F1700000000000000000A7 /* ImageIOSupport.swift in Sources */,
				A1F1700000000000000000A8 /* ClipRecorder.swift in Sources */,
				D0F1A1000000000000000002 /* DeviceProfile.swift in Sources */,
				A1F1700000000000000000E0 /* AuthView.swift in Sources */,
				A1F1700000000000000000E1 /* AuthStore.swift in Sources */,
				A1F1700000000000000000E2 /* KeychainBox.swift in Sources */,
			);
			runOnlyForDeploymentPostprocessing = 0;
		};
/* End PBXSourcesBuildPhase section */

/* Begin XCBuildConfiguration section */
		A1F17000000000000000000D /* Debug */ = {
			isa = XCBuildConfiguration;
			buildSettings = {
				ALWAYS_SEARCH_USER_PATHS = NO;
				CLANG_ANALYZER_NONNULL = YES;
				CLANG_ANALYZER_NUMBER_OBJECT_CONVERSION = YES_AGGRESSIVE;
				CLANG_CXX_LANGUAGE_STANDARD = "c++17";
				CLANG_CXX_LIBRARY = "libc++";
				CLANG_ENABLE_MODULES = YES;
				CLANG_ENABLE_OBJC_ARC = YES;
				CLANG_ENABLE_OBJC_WEAK = YES;
				CLANG_WARN_BLOCK_CAPTURE_AUTORELEASING = YES;
				CLANG_WARN_BOOL_CONVERSION = YES;
				CLANG_WARN_COMMA = YES;
				CLANG_WARN_CONSTANT_CONVERSION = YES;
				CLANG_WARN_DEPRECATED_OBJC_IMPLEMENTATIONS = YES;
				CLANG_WARN_DIRECT_OBJC_ISA_USAGE = YES_ERROR;
				CLANG_WARN_DOCUMENTATION_COMMENTS = YES;
				CLANG_WARN_EMPTY_BODY = YES;
				CLANG_WARN_ENUM_CONVERSION = YES;
				CLANG_WARN_INFINITE_RECURSION = YES;
				CLANG_WARN_INT_CONVERSION = YES;
				CLANG_WARN_NON_LITERAL_NULL_CONVERSION = YES;
				CLANG_WARN_OBJC_IMPLICIT_RETAIN_SELF = YES;
				CLANG_WARN_OBJC_LITERAL_CONVERSION = YES;
				CLANG_WARN_OBJC_ROOT_CLASS = YES_ERROR;
				CLANG_WARN_QUOTED_INCLUDE_IN_FRAMEWORK_HEADER = YES;
				CLANG_WARN_RANGE_LOOP_ANALYSIS = YES;
				CLANG_WARN_STRICT_PROTOTYPES = YES;
				CLANG_WARN_SUSPICIOUS_MOVE = YES;
				CLANG_WARN_UNGUARDED_AVAILABILITY = YES_AGGRESSIVE;
				CLANG_WARN_UNREACHABLE_CODE = YES;
				CLANG_WARN__DUPLICATE_METHOD_MATCH = YES;
				COPY_PHASE_STRIP = NO;
				DEBUG_INFORMATION_FORMAT = dwarf;
				ENABLE_BITCODE = NO;
				ENABLE_STRICT_OBJC_MSGSEND = YES;
				ENABLE_TESTABILITY = YES;
				ENABLE_USER_SCRIPT_SANDBOXING = YES;
				GCC_C_LANGUAGE_STANDARD = gnu17;
				GCC_DYNAMIC_NO_PIC = NO;
				GCC_NO_COMMON_BLOCKS = YES;
				GCC_OPTIMIZATION_LEVEL = 0;
				GCC_PREPROCESSOR_DEFINITIONS = (
					"DEBUG=1",
					"$(inherited)",
				);
				GCC_WARN_64_TO_32_BIT_CONVERSION = YES;
				GCC_WARN_ABOUT_RETURN_TYPE = YES_ERROR;
				GCC_WARN_UNDECLARED_SELECTOR = YES;
				GCC_WARN_UNINITIALIZED_AUTOS = YES_AGGRESSIVE;
				GCC_WARN_UNUSED_FUNCTION = YES;
				GCC_WARN_UNUSED_VARIABLE = YES;
				IPHONEOS_DEPLOYMENT_TARGET = 17.0;
				LOCALIZATION_PREFERS_STRING_CATALOGS = YES;
				MTL_ENABLE_DEBUG_INFO = INCLUDE_SOURCE;
				MTL_FAST_MATH = YES;
				ONLY_ACTIVE_ARCH = YES;
				SDKROOT = iphoneos;
				SWIFT_ACTIVE_COMPILATION_CONDITIONS = "DEBUG $(inherited)";
				SWIFT_OPTIMIZATION_LEVEL = "-Onone";
				SWIFT_VERSION = 5.0;
			};
			name = Debug;
		};
		A1F17000000000000000000E /* Release */ = {
			isa = XCBuildConfiguration;
			buildSettings = {
				ALWAYS_SEARCH_USER_PATHS = NO;
				CLANG_ANALYZER_NONNULL = YES;
				CLANG_ANALYZER_NUMBER_OBJECT_CONVERSION = YES_AGGRESSIVE;
				CLANG_CXX_LANGUAGE_STANDARD = "c++17";
				CLANG_CXX_LIBRARY = "libc++";
				CLANG_ENABLE_MODULES = YES;
				CLANG_ENABLE_OBJC_ARC = YES;
				CLANG_ENABLE_OBJC_WEAK = YES;
				CLANG_WARN_BLOCK_CAPTURE_AUTORELEASING = YES;
				CLANG_WARN_BOOL_CONVERSION = YES;
				CLANG_WARN_COMMA = YES;
				CLANG_WARN_CONSTANT_CONVERSION = YES;
				CLANG_WARN_DEPRECATED_OBJC_IMPLEMENTATIONS = YES;
				CLANG_WARN_DIRECT_OBJC_ISA_USAGE = YES_ERROR;
				CLANG_WARN_DOCUMENTATION_COMMENTS = YES;
				CLANG_WARN_EMPTY_BODY = YES;
				CLANG_WARN_ENUM_CONVERSION = YES;
				CLANG_WARN_INFINITE_RECURSION = YES;
				CLANG_WARN_INT_CONVERSION = YES;
				CLANG_WARN_NON_LITERAL_NULL_CONVERSION = YES;
				CLANG_WARN_OBJC_IMPLICIT_RETAIN_SELF = YES;
				CLANG_WARN_OBJC_LITERAL_CONVERSION = YES;
				CLANG_WARN_OBJC_ROOT_CLASS = YES_ERROR;
				CLANG_WARN_QUOTED_INCLUDE_IN_FRAMEWORK_HEADER = YES;
				CLANG_WARN_RANGE_LOOP_ANALYSIS = YES;
				CLANG_WARN_STRICT_PROTOTYPES = YES;
				CLANG_WARN_SUSPICIOUS_MOVE = YES;
				CLANG_WARN_UNGUARDED_AVAILABILITY = YES_AGGRESSIVE;
				CLANG_WARN_UNREACHABLE_CODE = YES;
				CLANG_WARN__DUPLICATE_METHOD_MATCH = YES;
				COPY_PHASE_STRIP = NO;
				DEBUG_INFORMATION_FORMAT = "dwarf-with-dsym";
				ENABLE_BITCODE = NO;
				ENABLE_NS_ASSERTIONS = NO;
				ENABLE_STRICT_OBJC_MSGSEND = YES;
				ENABLE_USER_SCRIPT_SANDBOXING = YES;
				GCC_C_LANGUAGE_STANDARD = gnu17;
				GCC_NO_COMMON_BLOCKS = YES;
				GCC_WARN_64_TO_32_BIT_CONVERSION = YES;
				GCC_WARN_ABOUT_RETURN_TYPE = YES_ERROR;
				GCC_WARN_UNDECLARED_SELECTOR = YES;
				GCC_WARN_UNINITIALIZED_AUTOS = YES_AGGRESSIVE;
				GCC_WARN_UNUSED_FUNCTION = YES;
				GCC_WARN_UNUSED_VARIABLE = YES;
				IPHONEOS_DEPLOYMENT_TARGET = 17.0;
				LOCALIZATION_PREFERS_STRING_CATALOGS = YES;
				MTL_ENABLE_DEBUG_INFO = NO;
				MTL_FAST_MATH = YES;
				SDKROOT = iphoneos;
				SWIFT_COMPILATION_MODE = wholemodule;
				SWIFT_VERSION = 5.0;
				VALIDATE_PRODUCT = YES;
			};
			name = Release;
		};
		A1F17000000000000000000B /* Debug */ = {
			isa = XCBuildConfiguration;
			buildSettings = {
				ASSETCATALOG_COMPILER_APPICON_NAME = AppIcon;
				ASSETCATALOG_COMPILER_GLOBAL_ACCENT_COLOR_NAME = AccentColor;
				CLANG_CXX_LANGUAGE_STANDARD = "c++17";
				CLANG_CXX_LIBRARY = "libc++";
				CLANG_ENABLE_MODULES = YES;
				CLANG_ENABLE_OBJC_ARC = YES;
				CODE_SIGN_STYLE = Automatic;
				CURRENT_PROJECT_VERSION = 1;
				DEVELOPMENT_TEAM = "";
				ENABLE_BITCODE = NO;
				ENABLE_PREVIEWS = YES;
				GENERATE_INFOPLIST_FILE = YES;
				HEADER_SEARCH_PATHS = (
					"$(SRCROOT)/Fitty",
					"$(SRCROOT)/Fitty/Physics",
				);
				INFOPLIST_FILE = Fitty/Info.plist;
				INFOPLIST_KEY_NSCameraUsageDescription = "Fitty uses the camera to scan a piece of clothing and to capture your body in AR so the garment can drape on you in real time.";
				INFOPLIST_KEY_UIApplicationSupportsIndirectInputEvents = YES;
				INFOPLIST_KEY_UILaunchScreen_Generation = YES;
				INFOPLIST_KEY_UIRequiresFullScreen = YES;
				INFOPLIST_KEY_UIStatusBarHidden = NO;
				INFOPLIST_KEY_UISupportedInterfaceOrientations = "UIInterfaceOrientationPortrait UIInterfaceOrientationLandscapeLeft UIInterfaceOrientationLandscapeRight";
				INFOPLIST_KEY_UISupportedInterfaceOrientations_iPad = "UIInterfaceOrientationPortrait UIInterfaceOrientationPortraitUpsideDown UIInterfaceOrientationLandscapeLeft UIInterfaceOrientationLandscapeRight";
				IPHONEOS_DEPLOYMENT_TARGET = 17.0;
				LD_RUNPATH_SEARCH_PATHS = (
					"$(inherited)",
					"@executable_path/Frameworks",
				);
				MARKETING_VERSION = 0.2.0;
				PRODUCT_BUNDLE_IDENTIFIER = com.junholee.Fitty;
				PRODUCT_NAME = "$(TARGET_NAME)";
				SUPPORTED_PLATFORMS = "iphoneos iphonesimulator";
				SUPPORTS_MACCATALYST = NO;
				SWIFT_EMIT_LOC_STRINGS = YES;
				SWIFT_OBJC_BRIDGING_HEADER = "Fitty/Fitty-Bridging-Header.h";
				SWIFT_OPTIMIZATION_LEVEL = "-Onone";
				SWIFT_VERSION = 5.0;
				TARGETED_DEVICE_FAMILY = "1,2";
			};
			name = Debug;
		};
		A1F17000000000000000000C /* Release */ = {
			isa = XCBuildConfiguration;
			buildSettings = {
				ASSETCATALOG_COMPILER_APPICON_NAME = AppIcon;
				ASSETCATALOG_COMPILER_GLOBAL_ACCENT_COLOR_NAME = AccentColor;
				CLANG_CXX_LANGUAGE_STANDARD = "c++17";
				CLANG_CXX_LIBRARY = "libc++";
				CLANG_ENABLE_MODULES = YES;
				CLANG_ENABLE_OBJC_ARC = YES;
				CODE_SIGN_STYLE = Automatic;
				CURRENT_PROJECT_VERSION = 1;
				DEVELOPMENT_TEAM = "";
				ENABLE_BITCODE = NO;
				ENABLE_PREVIEWS = YES;
				GENERATE_INFOPLIST_FILE = YES;
				HEADER_SEARCH_PATHS = (
					"$(SRCROOT)/Fitty",
					"$(SRCROOT)/Fitty/Physics",
				);
				INFOPLIST_FILE = Fitty/Info.plist;
				INFOPLIST_KEY_NSCameraUsageDescription = "Fitty uses the camera to scan a piece of clothing and to capture your body in AR so the garment can drape on you in real time.";
				INFOPLIST_KEY_UIApplicationSupportsIndirectInputEvents = YES;
				INFOPLIST_KEY_UILaunchScreen_Generation = YES;
				INFOPLIST_KEY_UIRequiresFullScreen = YES;
				INFOPLIST_KEY_UIStatusBarHidden = NO;
				INFOPLIST_KEY_UISupportedInterfaceOrientations = "UIInterfaceOrientationPortrait UIInterfaceOrientationLandscapeLeft UIInterfaceOrientationLandscapeRight";
				INFOPLIST_KEY_UISupportedInterfaceOrientations_iPad = "UIInterfaceOrientationPortrait UIInterfaceOrientationPortraitUpsideDown UIInterfaceOrientationLandscapeLeft UIInterfaceOrientationLandscapeRight";
				IPHONEOS_DEPLOYMENT_TARGET = 17.0;
				LD_RUNPATH_SEARCH_PATHS = (
					"$(inherited)",
					"@executable_path/Frameworks",
				);
				MARKETING_VERSION = 0.2.0;
				PRODUCT_BUNDLE_IDENTIFIER = com.junholee.Fitty;
				PRODUCT_NAME = "$(TARGET_NAME)";
				SUPPORTED_PLATFORMS = "iphoneos iphonesimulator";
				SUPPORTS_MACCATALYST = NO;
				SWIFT_EMIT_LOC_STRINGS = YES;
				SWIFT_OBJC_BRIDGING_HEADER = "Fitty/Fitty-Bridging-Header.h";
				SWIFT_VERSION = 5.0;
				TARGETED_DEVICE_FAMILY = "1,2";
			};
			name = Release;
		};
/* End XCBuildConfiguration section */

/* Begin XCConfigurationList section */
		A1F17000000000000000000F /* Build configuration list for PBXNativeTarget "Fitty" */ = {
			isa = XCConfigurationList;
			buildConfigurations = (
				A1F17000000000000000000B /* Debug */,
				A1F17000000000000000000C /* Release */,
			);
			defaultConfigurationIsVisible = 0;
			defaultConfigurationName = Release;
		};
		A1F170000000000000000010 /* Build configuration list for PBXProject "Fitty" */ = {
			isa = XCConfigurationList;
			buildConfigurations = (
				A1F17000000000000000000D /* Debug */,
				A1F17000000000000000000E /* Release */,
			);
			defaultConfigurationIsVisible = 0;
			defaultConfigurationName = Release;
		};
/* End XCConfigurationList section */
	};
	rootObject = A1F170000000000000000001 /* Project object */;
}
